
Microsoft Visual Studio Solution File, Format Version 12.00
# Visual Studio Version 17
VisualStudioVersion = 17.0.31903.59
MinimumVisualStudioVersion = 10.0.40219.1
Project("{FAE04EC0-301F-11D3-BF4B-00C04F79EFBC}") = "AddToContactGroup", "AddToContactGroup\AddToContactGroup.csproj", "{88AC8571-E656-4230-BF19-527FA8500940}"
EndProject
Project("{FAE04EC0-301F-11D3-BF4B-00C04F79EFBC}") = "ReplyToMany", "ReplyToMany\ReplyToMany.csproj", "{26B8E675-54F7-4CB3-AB53-96C80C4E1648}"
EndProject
Project("{FAE04EC0-301F-11D3-BF4B-00C04F79EFBC}") = "Trekning", "Trekning\Trekning.csproj", "{64D4AA28-E300-47B1-8B8D-ED2D32F1AACB}"
EndProject
Global
	GlobalSection(SolutionConfigurationPlatforms) = preSolution
		Debug|Any CPU = Debug|Any CPU
		Debug|Mixed Platforms = Debug|Mixed Platforms
		Debug|x86 = Debug|x86
		Release|Any CPU = Release|Any CPU
		Release|Mixed Platforms = Release|Mixed Platforms
		Release|x86 = Release|x86
	EndGlobalSection
	GlobalSection(ProjectConfigurationPlatforms) = postSolution
		{88AC8571-E656-4230-BF19-527FA8500940}.Debug|Any CPU.ActiveCfg = Debug|x86
		{88AC8571-E656-4230-BF19-527FA8500940}.Debug|Mixed Platforms.ActiveCfg = Debug|x86
		{88AC8571-E656-4230-BF19-527FA8500940}.Debug|Mixed Platforms.Build.0 = Debug|x86
		{88AC8571-E656-4230-BF19-527FA8500940}.Debug|x86.ActiveCfg = Debug|x86
		{88AC8571-E656-4230-BF19-527FA8500940}.Debug|x86.Build.0 = Debug|x86
		{88AC8571-E656-4230-BF19-527FA8500940}.Release|Any CPU.ActiveCfg = Release|x86
		{88AC8571-E656-4230-BF19-527FA8500940}.Release|Mixed Platforms.ActiveCfg = Release|x86
		{88AC8571-E656-4230-BF19-527FA8500940}.Release|Mixed Platforms.Build.0 = Release|x86
		{88AC8571-E656-4230-BF19-527FA8500940}.Release|x86.ActiveCfg = Release|x86
		{88AC8571-E656-4230-BF19-527FA8500940}.Release|x86.Build.0 = Release|x86
		{26B8E675-54F7-4CB3-AB53-96C80C4E1648}.Debug|Any CPU.ActiveCfg = Debug|x86
		{26B8E675-54F7-4CB3-AB53-96C80C4E1648}.Debug|Mixed Platforms.ActiveCfg = Debug|x86
		{26B8E675-54F7-4CB3-AB53-96C80C4E1648}.Debug|Mixed Platforms.Build.0 = Debug|x86
		{26B8E675-54F7-4CB3-AB53-96C80C4E1648}.Debug|x86.ActiveCfg = Debug|x86
		{26B8E675-54F7-4CB3-AB53-96C80C4E1648}.Debug|x86.Build.0 = Debug|x86
		{26B8E675-54F7-4CB3-AB53-96C80C4E1648}.Release|Any CPU.ActiveCfg = Release|x86
		{26B8E675-54F7-4CB3-AB53-96C80C4E1648}.Release|Mixed Platforms.ActiveCfg = Release|x86
		{26B8E675-54F7-4CB3-AB53-96C80C4E1648}.Release|Mixed Platforms.Build.0 = Release|x86
		{26B8E675-54F7-4CB3-AB53-96C80C4E1648}.Release|x86.ActiveCfg = Release|x86
		{26B8E675-54F7-4CB3-AB53-96C80C4E1648}.Release|x86.Build.0 = Release|x86
		{64D4AA28-E300-47B1-8B8D-ED2D32F1AACB}.Debug|Any CPU.ActiveCfg = Debug|Any CPU
		{64D4AA28-E300-47B1-8B8D-ED2D32F1AACB}.Debug|Any CPU.Build.0 = Debug|Any CPU
		{64D4AA28-E300-47B1-8B8D-ED2D32F1AACB}.Debug|Mixed Platforms.ActiveCfg = Debug|Any CPU
		{64D4AA28-E300-47B1-8B8D-ED2D32F1AACB}.Debug|Mixed Platforms.Build.0 = Debug|Any CPU
		{64D4AA28-E300-47B1-8B8D-ED2D32F1AACB}.Debug|x86.ActiveCfg = Debug|Any CPU
		{64D4AA28-E300-47B1-8B8D-ED2D32F1AACB}.Release|Any CPU.ActiveCfg = Release|Any CPU
		{64D4AA28-E300-47B1-8B8D-ED2D32F1AACB}.Release|Any CPU.Build.0 = Release|Any CPU
		{64D4AA28-E300-47B1-8B8D-ED2D32F1AACB}.Release|Mixed Platforms.ActiveCfg = Release|Any CPU
		{64D4AA28-E300-47B1-8B8D-ED2D32F1AACB}.Release|Mixed Platforms.Build.0 = Release|Any CPU
		{64D4AA28-E300-47B1-8B8D-ED2D32F1AACB}.Release|x86.ActiveCfg = Release|Any CPU
	EndGlobalSection
	GlobalSection(SolutionProperties) = preSolution
		HideSolutionNode = FALSE
	EndGlobalSection
	GlobalSection(ExtensibilityGlobals) = postSolution
		SolutionGuid = {5C70FE8F-C57B-4709-84A2-0AE5B51F849C}
	EndGlobalSection
	GlobalSection(SubversionScc) = preSolution
		Svn-Managed = True
		Manager = AnkhSVN - Subversion Support for Visual Studio
	EndGlobalSection
EndGlobal
